
Microsoft Visual Studio Solution File, Format Version 12.00
# Visual Studio Version 17
VisualStudioVersion = 17.5.33516.290
MinimumVisualStudioVersion = 10.0.40219.1
Project("{FAE04EC0-301F-11D3-BF4B-00C04F79EFBC}") = "elevador", "elevador.csproj", "{ACA37E05-7E2E-45B8-999F-141FABE560DD}"
EndProject
Global
	GlobalSection(SolutionConfigurationPlatforms) = preSolution
		Debug|Any CPU = Debug|Any CPU
		Release|Any CPU = Release|Any CPU
	EndGlobalSection
	GlobalSection(ProjectConfigurationPlatforms) = postSolution
		{ACA37E05-7E2E-45B8-999F-141FABE560DD}.Debug|Any CPU.ActiveCfg = Debug|Any CPU
		{ACA37E05-7E2E-45B8-999F-141FABE560DD}.Debug|Any CPU.Build.0 = Debug|Any CPU
		{ACA37E05-7E2E-45B8-999F-141FABE560DD}.Release|Any CPU.ActiveCfg = Release|Any CPU
		{ACA37E05-7E2E-45B8-999F-141FABE560DD}.Release|Any CPU.Build.0 = Release|Any CPU
	EndGlobalSection
	GlobalSection(SolutionProperties) = preSolution
		HideSolutionNode = FALSE
	EndGlobalSection
	GlobalSection(ExtensibilityGlobals) = postSolution
		SolutionGuid = {44BAA6F8-CCEE-476D-9F39-9377E72A2CE8}
	EndGlobalSection
EndGlobal
